
Microsoft Visual Studio Solution File, Format Version 12.00
# Visual Studio Version 17
VisualStudioVersion = 17.8.34601.278
MinimumVisualStudioVersion = 10.0.40219.1
Project("{FAE04EC0-301F-11D3-BF4B-00C04F79EFBC}") = "StudentHistory", "StudentHistory\StudentHistory.csproj", "{DFD0852E-3B9E-4009-A3C5-8583A9A15ADC}"
EndProject
Global
	GlobalSection(SolutionConfigurationPlatforms) = preSolution
		Debug|Any CPU = Debug|Any CPU
		Release|Any CPU = Release|Any CPU
	EndGlobalSection
	GlobalSection(ProjectConfigurationPlatforms) = postSolution
		{DFD0852E-3B9E-4009-A3C5-8583A9A15ADC}.Debug|Any CPU.ActiveCfg = Debug|Any CPU
		{DFD0852E-3B9E-4009-A3C5-8583A9A15ADC}.Debug|Any CPU.Build.0 = Debug|Any CPU
		{DFD0852E-3B9E-4009-A3C5-8583A9A15ADC}.Release|Any CPU.ActiveCfg = Release|Any CPU
		{DFD0852E-3B9E-4009-A3C5-8583A9A15ADC}.Release|Any CPU.Build.0 = Release|Any CPU
	EndGlobalSection
	GlobalSection(SolutionProperties) = preSolution
		HideSolutionNode = FALSE
	EndGlobalSection
	GlobalSection(ExtensibilityGlobals) = postSolution
		SolutionGuid = {B9B0CEE9-4302-46D6-B63F-D39B6E3CFA52}
	EndGlobalSection
EndGlobal
